// !$*UTF8*$!
{
	archiveVersion = 1;
	classes = {
	};
	objectVersion = 50;
	objects = {

/* Begin PBXBuildFile section */
		7828AB52211E4EDA003A24E9 /* AppDelegate.swift in Sources */ = {isa = PBXBuildFile; fileRef = 7828AB51211E4EDA003A24E9 /* AppDelegate.swift */; };
		7828AB54211E4EDA003A24E9 /* ViewController.swift in Sources */ = {isa = PBXBuildFile; fileRef = 7828AB53211E4EDA003A24E9 /* ViewController.swift */; };
		7828AB57211E4EDA003A24E9 /* Main.storyboard in Resources */ = {isa = PBXBuildFile; fileRef = 7828AB55211E4EDA003A24E9 /* Main.storyboard */; };
		7828AB59211E4EDB003A24E9 /* Assets.xcassets in Resources */ = {isa = PBXBuildFile; fileRef = 7828AB58211E4EDB003A24E9 /* Assets.xcassets */; };
		7828AB5C211E4EDB003A24E9 /* LaunchScreen.storyboard in Resources */ = {isa = PBXBuildFile; fileRef = 7828AB5A211E4EDB003A24E9 /* LaunchScreen.storyboard */; };
/* End PBXBuildFile section */

/* Begin PBXFileReference section */
		7828AB4E211E4EDA003A24E9 /* ScaledScrollerDemo.app */ = {isa = PBXFileReference; explicitFileType = wrapper.application; includeInIndex = 0; path = ScaledScrollerDemo.app; sourceTree = BUILT_PRODUCTS_DIR; };
		7828AB51211E4EDA003A24E9 /* AppDelegate.swift */ = {isa = PBXFileReference; lastKnownFileType = sourcecode.swift; path = AppDelegate.swift; sourceTree = "<group>"; };
		7828AB53211E4EDA003A24E9 /* ViewController.swift */ = {isa = PBXFileReference; lastKnownFileType = sourcecode.swift; path = ViewController.swift; sourceTree = "<group>"; };
		7828AB56211E4EDA003A24E9 /* Base */ = {isa = PBXFileReference; lastKnownFileType = file.storyboard; name = Base; path = Base.lproj/Main.storyboard; sourceTree = "<group>"; };
		7828AB58211E4EDB003A24E9 /* Assets.xcassets */ = {isa = PBXFileReference; lastKnownFileType = folder.assetcatalog; path = Assets.xcassets; sourceTree = "<group>"; };
		7828AB5B211E4EDB003A24E9 /* Base */ = {isa = PBXFileReference; lastKnownFileType = file.storyboard; name = Base; path = Base.lproj/LaunchScreen.storyboard; sourceTree = "<group>"; };
		7828AB5D211E4EDB003A24E9 /* Info.plist */ = {isa = PBXFileReference; lastKnownFileType = text.plist.xml; path = Info.plist; sourceTree = "<group>"; };
/* End PBXFileReference section */

/* Begin PBXFrameworksBuildPhase section */
		7828AB4B211E4EDA003A24E9 /* Frameworks */ = {
			isa = PBXFrameworksBuildPhase;
			buildActionMask = 2147483647;
			files = (
			);
			runOnlyForDeploymentPostprocessing = 0;
		};
/* End PBXFrameworksBuildPhase section */

/* Begin PBXGroup section */
		7828AB45211E4EDA003A24E9 = {
			isa = PBXGroup;
			children = (
				7828AB50211E4EDA003A24E9 /* ScaledScrollerDemo */,
				7828AB4F211E4EDA003A24E9 /* Products */,
			);
			sourceTree = "<group>";
		};
		7828AB4F211E4EDA003A24E9 /* Products */ = {
			isa = PBXGroup;
			children = (
				7828AB4E211E4EDA003A24E9 /* ScaledScrollerDemo.app */,
			);
			name = Products;
			sourceTree = "<group>";
		};
		7828AB50211E4EDA003A24E9 /* ScaledScrollerDemo */ = {
			isa = PBXGroup;
			children = (
				7828AB51211E4EDA003A24E9 /* AppDelegate.swift */,
				7828AB53211E4EDA003A24E9 /* ViewController.swift */,
				7828AB55211E4EDA003A24E9 /* Main.storyboard */,
				7828AB58211E4EDB003A24E9 /* Assets.xcassets */,
				7828AB5A211E4EDB003A24E9 /* LaunchScreen.storyboard */,
				7828AB5D211E4EDB003A24E9 /* Info.plist */,
			);
			path = ScaledScrollerDemo;
			sourceTree = "<group>";
		};
/* End PBXGroup section */

/* Begin PBXNativeTarget section */
		7828AB4D211E4EDA003A24E9 /* ScaledScrollerDemo */ = {
			isa = PBXNativeTarget;
			buildConfigurationList = 7828AB60211E4EDB003A24E9 /* Build configuration list for PBXNativeTarget "ScaledScrollerDemo" */;
			buildPhases = (
				7828AB4A211E4EDA003A24E9 /* Sources */,
				7828AB4B211E4EDA003A24E9 /* Frameworks */,
				7828AB4C211E4EDA003A24E9 /* Resources */,
			);
			buildRules = (
			);
			dependencies = (
			);
			name = ScaledScrollerDemo;
			productName = ScaledScrollerDemo;
			productReference = 7828AB4E211E4EDA003A24E9 /* ScaledScrollerDemo.app */;
			productType = "com.apple.product-type.application";
		};
/* End PBXNativeTarget section */

/* Begin PBXProject section */
		7828AB46211E4EDA003A24E9 /* Project object */ = {
			isa = PBXProject;
			attributes = {
				LastSwiftUpdateCheck = 0940;
				LastUpgradeCheck = 0940;
				ORGANIZATIONNAME = Soft.Io;
				TargetAttributes = {
					7828AB4D211E4EDA003A24E9 = {
						CreatedOnToolsVersion = 9.4.1;
					};
				};
			};
			buildConfigurationList = 7828AB49211E4EDA003A24E9 /* Build configuration list for PBXProject "ScaledScrollerDemo" */;
			compatibilityVersion = "Xcode 9.3";
			developmentRegion = en;
			hasScannedForEncodings = 0;
			knownRegions = (
				en,
				Base,
			);
			mainGroup = 7828AB45211E4EDA003A24E9;
			productRefGroup = 7828AB4F211E4EDA003A24E9 /* Products */;
			projectDirPath = "";
			projectRoot = "";
			targets = (
				7828AB4D211E4EDA003A24E9 /* ScaledScrollerDemo */,
			);
		};
/* End PBXProject section */

/* Begin PBXResourcesBuildPhase section */
		7828AB4C211E4EDA003A24E9 /* Resources */ = {
			isa = PBXResourcesBuildPhase;
			buildActionMask = 2147483647;
			files = (
				7828AB5C211E4EDB003A24E9 /* LaunchScreen.storyboard in Resources */,
				7828AB59211E4EDB003A24E9 /* Assets.xcassets in Resources */,
				7828AB57211E4EDA003A24E9 /* Main.storyboard in Resources */,
			);
			runOnlyForDeploymentPostprocessing = 0;
		};
/* End PBXResourcesBuildPhase section */

/* Begin PBXSourcesBuildPhase section */
		7828AB4A211E4EDA003A24E9 /* Sources */ = {
			isa = PBXSourcesBuildPhase;
			buildActionMask = 2147483647;
			files = (
				7828AB54211E4EDA003A24E9 /* ViewController.swift in Sources */,
				7828AB52211E4EDA003A24E9 /* AppDelegate.swift in Sources */,
			);
			runOnlyForDeploymentPostprocessing = 0;
		};
/* End PBXSourcesBuildPhase section */

/* Begin PBXVariantGroup section */
		7828AB55211E4EDA003A24E9 /* Main.storyboard */ = {
			isa = PBXVariantGroup;
			children = (
				7828AB56211E4EDA003A24E9 /* Base */,
			);
			name = Main.storyboard;
			sourceTree = "<group>";
		};
		7828AB5A211E4EDB003A24E9 /* LaunchScreen.storyboard */ = {
			isa = PBXVariantGroup;
			children = (
				7828AB5B211E4EDB003A24E9 /* Base */,
			);
			name = LaunchScreen.storyboard;
			sourceTree = "<group>";
		};
/* End PBXVariantGroup section */

/* Begin XCBuildConfiguration section */
		7828AB5E211E4EDB003A24E9 /* Debug */ = {
			isa = XCBuildConfiguration;
			buildSettings = {
				ALWAYS_SEARCH_USER_PATHS = NO;
				CLANG_ANALYZER_NONNULL = YES;
				CLANG_ANALYZER_NUMBER_OBJECT_CONVERSION = YES_AGGRESSIVE;
				CLANG_CXX_LANGUAGE_STANDARD = "gnu++14";
				CLANG_CXX_LIBRARY = "libc++";
				CLANG_ENABLE_MODULES = YES;
				CLANG_ENABLE_OBJC_ARC = YES;
				CLANG_ENABLE_OBJC_WEAK = YES;
				CLANG_WARN_BLOCK_CAPTURE_AUTORELEASING = YES;
				CLANG_WARN_BOOL_CONVERSION = YES;
				CLANG_WARN_COMMA = YES;
				CLANG_WARN_CONSTANT_CONVERSION = YES;
				CLANG_WARN_DEPRECATED_OBJC_IMPLEMENTATIONS = YES;
				CLANG_WARN_DIRECT_OBJC_ISA_USAGE = YES_ERROR;
				CLANG_WARN_DOCUMENTATION_COMMENTS = YES;
				CLANG_WARN_EMPTY_BODY = YES;
				CLANG_WARN_ENUM_CONVERSION = YES;
				CLANG_WARN_INFINITE_RECURSION = YES;
				CLANG_WARN_INT_CONVERSION = YES;
				CLANG_WARN_NON_LITERAL_NULL_CONVERSION = YES;
				CLANG_WARN_OBJC_IMPLICIT_RETAIN_SELF = YES;
				CLANG_WARN_OBJC_LITERAL_CONVERSION = YES;
				CLANG_WARN_OBJC_ROOT_CLASS = YES_ERROR;
				CLANG_WARN_RANGE_LOOP_ANALYSIS = YES;
				CLANG_WARN_STRICT_PROTOTYPES = YES;
				CLANG_WARN_SUSPICIOUS_MOVE = YES;
				CLANG_WARN_UNGUARDED_AVAILABILITY = YES_AGGRESSIVE;
				CLANG_WARN_UNREACHABLE_CODE = YES;
				CLANG_WARN__DUPLICATE_METHOD_MATCH = YES;
				CODE_SIGN_IDENTITY = "iPhone Developer";
				COPY_PHASE_STRIP = NO;
				DEBUG_INFORMATION_FORMAT = dwarf;
				ENABLE_STRICT_OBJC_MSGSEND = YES;
				ENABLE_TESTABILITY = YES;
				GCC_C_LANGUAGE_STANDARD = gnu11;
				GCC_DYNAMIC_NO_PIC = NO;
				GCC_NO_COMMON_BLOCKS = YES;
				GCC_OPTIMIZATION_LEVEL = 0;
				GCC_PREPROCESSOR_DEFINITIONS = (
					"DEBUG=1",
					"$(inherited)",
				);
				GCC_WARN_64_TO_32_BIT_CONVERSION = YES;
				GCC_WARN_ABOUT_RETURN_TYPE = YES_ERROR;
				GCC_WARN_UNDECLARED_SELECTOR = YES;
				GCC_WARN_UNINITIALIZED_AUTOS = YES_AGGRESSIVE;
				GCC_WARN_UNUSED_FUNCTION = YES;
				GCC_WARN_UNUSED_VARIABLE = YES;
				IPHONEOS_DEPLOYMENT_TARGET = 11.4;
				MTL_ENABLE_DEBUG_INFO = YES;
				ONLY_ACTIVE_ARCH = YES;
				SDKROOT = iphoneos;
				SWIFT_ACTIVE_COMPILATION_CONDITIONS = DEBUG;
				SWIFT_OPTIMIZATION_LEVEL = "-Onone";
			};
			name = Debug;
		};
		7828AB5F211E4EDB003A24E9 /* Release */ = {
			isa = XCBuildConfiguration;
			buildSettings = {
				ALWAYS_SEARCH_USER_PATHS = NO;
				CLANG_ANALYZER_NONNULL = YES;
				CLANG_ANALYZER_NUMBER_OBJECT_CONVERSION = YES_AGGRESSIVE;
				CLANG_CXX_LANGUAGE_STANDARD = "gnu++14";
				CLANG_CXX_LIBRARY = "libc++";
				CLANG_ENABLE_MODULES = YES;
				CLANG_ENABLE_OBJC_ARC = YES;
				CLANG_ENABLE_OBJC_WEAK = YES;
				CLANG_WARN_BLOCK_CAPTURE_AUTORELEASING = YES;
				CLANG_WARN_BOOL_CONVERSION = YES;
				CLANG_WARN_COMMA = YES;
				CLANG_WARN_CONSTANT_CONVERSION = YES;
				CLANG_WARN_DEPRECATED_OBJC_IMPLEMENTATIONS = YES;
				CLANG_WARN_DIRECT_OBJC_ISA_USAGE = YES_ERROR;
				CLANG_WARN_DOCUMENTATION_COMMENTS = YES;
				CLANG_WARN_EMPTY_BODY = YES;
				CLANG_WARN_ENUM_CONVERSION = YES;
				CLANG_WARN_INFINITE_RECURSION = YES;
				CLANG_WARN_INT_CONVERSION = YES;
				CLANG_WARN_NON_LITERAL_NULL_CONVERSION = YES;
				CLANG_WARN_OBJC_IMPLICIT_RETAIN_SELF = YES;
				CLANG_WARN_OBJC_LITERAL_CONVERSION = YES;
				CLANG_WARN_OBJC_ROOT_CLASS = YES_ERROR;
				CLANG_WARN_RANGE_LOOP_ANALYSIS = YES;
				CLANG_WARN_STRICT_PROTOTYPES = YES;
				CLANG_WARN_SUSPICIOUS_MOVE = YES;
				CLANG_WARN_UNGUARDED_AVAILABILITY = YES_AGGRESSIVE;
				CLANG_WARN_UNREACHABLE_CODE = YES;
				CLANG_WARN__DUPLICATE_METHOD_MATCH = YES;
				CODE_SIGN_IDENTITY = "iPhone Developer";
				COPY_PHASE_STRIP = NO;
				DEBUG_INFORMATION_FORMAT = "dwarf-with-dsym";
				ENABLE_NS_ASSERTIONS = NO;
				ENABLE_STRICT_OBJC_MSGSEND = YES;
				GCC_C_LANGUAGE_STANDARD = gnu11;
				GCC_NO_COMMON_BLOCKS = YES;
				GCC_WARN_64_TO_32_BIT_CONVERSION = YES;
				GCC_WARN_ABOUT_RETURN_TYPE = YES_ERROR;
				GCC_WARN_UNDECLARED_SELECTOR = YES;
				GCC_WARN_UNINITIALIZED_AUTOS = YES_AGGRESSIVE;
				GCC_WARN_UNUSED_FUNCTION = YES;
				GCC_WARN_UNUSED_VARIABLE = YES;
				IPHONEOS_DEPLOYMENT_TARGET = 11.4;
				MTL_ENABLE_DEBUG_INFO = NO;
				SDKROOT = iphoneos;
				SWIFT_COMPILATION_MODE = wholemodule;
				SWIFT_OPTIMIZATION_LEVEL = "-O";
				VALIDATE_PRODUCT = YES;
			};
			name = Release;
		};
		7828AB61211E4EDB003A24E9 /* Debug */ = {
			isa = XCBuildConfiguration;
			buildSettings = {
				ASSETCATALOG_COMPILER_APPICON_NAME = AppIcon;
				CODE_SIGN_STYLE = Automatic;
				DEVELOPMENT_TEAM = PA6GL5EX69;
				INFOPLIST_FILE = ScaledScrollerDemo/Info.plist;
				LD_RUNPATH_SEARCH_PATHS = (
					"$(inherited)",
					"@executable_path/Frameworks",
				);
				PRODUCT_BUNDLE_IDENTIFIER = io.soft.ScaledScrollerDemo;
				PRODUCT_NAME = "$(TARGET_NAME)";
				SWIFT_VERSION = 4.0;
				TARGETED_DEVICE_FAMILY = "1,2";
			};
			name = Debug;
		};
		7828AB62211E4EDB003A24E9 /* Release */ = {
			isa = XCBuildConfiguration;
			buildSettings = {
				ASSETCATALOG_COMPILER_APPICON_NAME = AppIcon;
				CODE_SIGN_STYLE = Automatic;
				DEVELOPMENT_TEAM = PA6GL5EX69;
				INFOPLIST_FILE = ScaledScrollerDemo/Info.plist;
				LD_RUNPATH_SEARCH_PATHS = (
					"$(inherited)",
					"@executable_path/Frameworks",
				);
				PRODUCT_BUNDLE_IDENTIFIER = io.soft.ScaledScrollerDemo;
				PRODUCT_NAME = "$(TARGET_NAME)";
				SWIFT_VERSION = 4.0;
				TARGETED_DEVICE_FAMILY = "1,2";
			};
			name = Release;
		};
/* End XCBuildConfiguration section */

/* Begin XCConfigurationList section */
		7828AB49211E4EDA003A24E9 /* Build configuration list for PBXProject "ScaledScrollerDemo" */ = {
			isa = XCConfigurationList;
			buildConfigurations = (
				7828AB5E211E4EDB003A24E9 /* Debug */,
				7828AB5F211E4EDB003A24E9 /* Release */,
			);
			defaultConfigurationIsVisible = 0;
			defaultConfigurationName = Release;
		};
		7828AB60211E4EDB003A24E9 /* Build configuration list for PBXNativeTarget "ScaledScrollerDemo" */ = {
			isa = XCConfigurationList;
			buildConfigurations = (
				7828AB61211E4EDB003A24E9 /* Debug */,
				7828AB62211E4EDB003A24E9 /* Release */,
			);
			defaultConfigurationIsVisible = 0;
			defaultConfigurationName = Release;
		};
/* End XCConfigurationList section */
	};
	rootObject = 7828AB46211E4EDA003A24E9 /* Project object */;
}
